// !$*UTF8*$!
{
	archiveVersion = 1;
	classes = {
	};
	objectVersion = 55;
	objects = {

/* Begin PBXBuildFile section */
		93EBA39B281B19E900EDCF46 /* AppDelegate.swift in Sources */ = {isa = PBXBuildFile; fileRef = 93EBA39A281B19E900EDCF46 /* AppDelegate.swift */; };
		93EBA39D281B19E900EDCF46 /* SceneDelegate.swift in Sources */ = {isa = PBXBuildFile; fileRef = 93EBA39C281B19E900EDCF46 /* SceneDelegate.swift */; };
		93EBA39F281B19E900EDCF46 /* ViewController.swift in Sources */ = {isa = PBXBuildFile; fileRef = 93EBA39E281B19E900EDCF46 /* ViewController.swift */; };
		93EBA3A2281B19E900EDCF46 /* Main.storyboard in Resources */ = {isa = PBXBuildFile; fileRef = 93EBA3A0281B19E900EDCF46 /* Main.storyboard */; };
		93EBA3A4281B19EA00EDCF46 /* Assets.xcassets in Resources */ = {isa = PBXBuildFile; fileRef = 93EBA3A3281B19EA00EDCF46 /* Assets.xcassets */; };
		93EBA3A7281B19EA00EDCF46 /* LaunchScreen.storyboard in Resources */ = {isa = PBXBuildFile; fileRef = 93EBA3A5281B19EA00EDCF46 /* LaunchScreen.storyboard */; };
		93EBA3B2281B19EA00EDCF46 /* BindingMVVMTests.swift in Sources */ = {isa = PBXBuildFile; fileRef = 93EBA3B1281B19EA00EDCF46 /* BindingMVVMTests.swift */; };
		93EBA3BC281B19EA00EDCF46 /* BindingMVVMUITests.swift in Sources */ = {isa = PBXBuildFile; fileRef = 93EBA3BB281B19EA00EDCF46 /* BindingMVVMUITests.swift */; };
		93EBA3BE281B19EA00EDCF46 /* BindingMVVMUITestsLaunchTests.swift in Sources */ = {isa = PBXBuildFile; fileRef = 93EBA3BD281B19EA00EDCF46 /* BindingMVVMUITestsLaunchTests.swift */; };
		93EBA3CC281B1FEB00EDCF46 /* LoginViewModel.swift in Sources */ = {isa = PBXBuildFile; fileRef = 93EBA3CB281B1FEB00EDCF46 /* LoginViewModel.swift */; };
		93EBA3CF281B210400EDCF46 /* BindingTextField.swift in Sources */ = {isa = PBXBuildFile; fileRef = 93EBA3CE281B210400EDCF46 /* BindingTextField.swift */; };
/* End PBXBuildFile section */

/* Begin PBXContainerItemProxy section */
		93EBA3AE281B19EA00EDCF46 /* PBXContainerItemProxy */ = {
			isa = PBXContainerItemProxy;
			containerPortal = 93EBA38F281B19E900EDCF46 /* Project object */;
			proxyType = 1;
			remoteGlobalIDString = 93EBA396281B19E900EDCF46;
			remoteInfo = BindingMVVM;
		};
		93EBA3B8281B19EA00EDCF46 /* PBXContainerItemProxy */ = {
			isa = PBXContainerItemProxy;
			containerPortal = 93EBA38F281B19E900EDCF46 /* Project object */;
			proxyType = 1;
			remoteGlobalIDString = 93EBA396281B19E900EDCF46;
			remoteInfo = BindingMVVM;
		};
/* End PBXContainerItemProxy section */

/* Begin PBXFileReference section */
		93EBA397281B19E900EDCF46 /* BindingMVVM.app */ = {isa = PBXFileReference; explicitFileType = wrapper.application; includeInIndex = 0; path = BindingMVVM.app; sourceTree = BUILT_PRODUCTS_DIR; };
		93EBA39A281B19E900EDCF46 /* AppDelegate.swift */ = {isa = PBXFileReference; lastKnownFileType = sourcecode.swift; path = AppDelegate.swift; sourceTree = "<group>"; };
		93EBA39C281B19E900EDCF46 /* SceneDelegate.swift */ = {isa = PBXFileReference; lastKnownFileType = sourcecode.swift; path = SceneDelegate.swift; sourceTree = "<group>"; };
		93EBA39E281B19E900EDCF46 /* ViewController.swift */ = {isa = PBXFileReference; lastKnownFileType = sourcecode.swift; path = ViewController.swift; sourceTree = "<group>"; };
		93EBA3A1281B19E900EDCF46 /* Base */ = {isa = PBXFileReference; lastKnownFileType = file.storyboard; name = Base; path = Base.lproj/Main.storyboard; sourceTree = "<group>"; };
		93EBA3A3281B19EA00EDCF46 /* Assets.xcassets */ = {isa = PBXFileReference; lastKnownFileType = folder.assetcatalog; path = Assets.xcassets; sourceTree = "<group>"; };
		93EBA3A6281B19EA00EDCF46 /* Base */ = {isa = PBXFileReference; lastKnownFileType = file.storyboard; name = Base; path = Base.lproj/LaunchScreen.storyboard; sourceTree = "<group>"; };
		93EBA3A8281B19EA00EDCF46 /* Info.plist */ = {isa = PBXFileReference; lastKnownFileType = text.plist.xml; path = Info.plist; sourceTree = "<group>"; };
		93EBA3AD281B19EA00EDCF46 /* BindingMVVMTests.xctest */ = {isa = PBXFileReference; explicitFileType = wrapper.cfbundle; includeInIndex = 0; path = BindingMVVMTests.xctest; sourceTree = BUILT_PRODUCTS_DIR; };
		93EBA3B1281B19EA00EDCF46 /* BindingMVVMTests.swift */ = {isa = PBXFileReference; lastKnownFileType = sourcecode.swift; path = BindingMVVMTests.swift; sourceTree = "<group>"; };
		93EBA3B7281B19EA00EDCF46 /* BindingMVVMUITests.xctest */ = {isa = PBXFileReference; explicitFileType = wrapper.cfbundle; includeInIndex = 0; path = BindingMVVMUITests.xctest; sourceTree = BUILT_PRODUCTS_DIR; };
		93EBA3BB281B19EA00EDCF46 /* BindingMVVMUITests.swift */ = {isa = PBXFileReference; lastKnownFileType = sourcecode.swift; path = BindingMVVMUITests.swift; sourceTree = "<group>"; };
		93EBA3BD281B19EA00EDCF46 /* BindingMVVMUITestsLaunchTests.swift */ = {isa = PBXFileReference; lastKnownFileType = sourcecode.swift; path = BindingMVVMUITestsLaunchTests.swift; sourceTree = "<group>"; };
		93EBA3CB281B1FEB00EDCF46 /* LoginViewModel.swift */ = {isa = PBXFileReference; lastKnownFileType = sourcecode.swift; path = LoginViewModel.swift; sourceTree = "<group>"; };
		93EBA3CE281B210400EDCF46 /* BindingTextField.swift */ = {isa = PBXFileReference; lastKnownFileType = sourcecode.swift; path = BindingTextField.swift; sourceTree = "<group>"; };
/* End PBXFileReference section */

/* Begin PBXFrameworksBuildPhase section */
		93EBA394281B19E900EDCF46 /* Frameworks */ = {
			isa = PBXFrameworksBuildPhase;
			buildActionMask = 2147483647;
			files = (
			);
			runOnlyForDeploymentPostprocessing = 0;
		};
		93EBA3AA281B19EA00EDCF46 /* Frameworks */ = {
			isa = PBXFrameworksBuildPhase;
			buildActionMask = 2147483647;
			files = (
			);
			runOnlyForDeploymentPostprocessing = 0;
		};
		93EBA3B4281B19EA00EDCF46 /* Frameworks */ = {
			isa = PBXFrameworksBuildPhase;
			buildActionMask = 2147483647;
			files = (
			);
			runOnlyForDeploymentPostprocessing = 0;
		};
/* End PBXFrameworksBuildPhase section */

/* Begin PBXGroup section */
		93EBA38E281B19E900EDCF46 = {
			isa = PBXGroup;
			children = (
				93EBA399281B19E900EDCF46 /* BindingMVVM */,
				93EBA3B0281B19EA00EDCF46 /* BindingMVVMTests */,
				93EBA3BA281B19EA00EDCF46 /* BindingMVVMUITests */,
				93EBA398281B19E900EDCF46 /* Products */,
			);
			sourceTree = "<group>";
		};
		93EBA398281B19E900EDCF46 /* Products */ = {
			isa = PBXGroup;
			children = (
				93EBA397281B19E900EDCF46 /* BindingMVVM.app */,
				93EBA3AD281B19EA00EDCF46 /* BindingMVVMTests.xctest */,
				93EBA3B7281B19EA00EDCF46 /* BindingMVVMUITests.xctest */,
			);
			name = Products;
			sourceTree = "<group>";
		};
		93EBA399281B19E900EDCF46 /* BindingMVVM */ = {
			isa = PBXGroup;
			children = (
				93EBA3CD281B20EB00EDCF46 /* CustomViews */,
				93EBA3CA281B1FB900EDCF46 /* ViewModels */,
				93EBA39A281B19E900EDCF46 /* AppDelegate.swift */,
				93EBA39C281B19E900EDCF46 /* SceneDelegate.swift */,
				93EBA39E281B19E900EDCF46 /* ViewController.swift */,
				93EBA3A0281B19E900EDCF46 /* Main.storyboard */,
				93EBA3A3281B19EA00EDCF46 /* Assets.xcassets */,
				93EBA3A5281B19EA00EDCF46 /* LaunchScreen.storyboard */,
				93EBA3A8281B19EA00EDCF46 /* Info.plist */,
			);
			path = BindingMVVM;
			sourceTree = "<group>";
		};
		93EBA3B0281B19EA00EDCF46 /* BindingMVVMTests */ = {
			isa = PBXGroup;
			children = (
				93EBA3B1281B19EA00EDCF46 /* BindingMVVMTests.swift */,
			);
			path = BindingMVVMTests;
			sourceTree = "<group>";
		};
		93EBA3BA281B19EA00EDCF46 /* BindingMVVMUITests */ = {
			isa = PBXGroup;
			children = (
				93EBA3BB281B19EA00EDCF46 /* BindingMVVMUITests.swift */,
				93EBA3BD281B19EA00EDCF46 /* BindingMVVMUITestsLaunchTests.swift */,
			);
			path = BindingMVVMUITests;
			sourceTree = "<group>";
		};
		93EBA3CA281B1FB900EDCF46 /* ViewModels */ = {
			isa = PBXGroup;
			children = (
				93EBA3CB281B1FEB00EDCF46 /* LoginViewModel.swift */,
			);
			path = ViewModels;
			sourceTree = "<group>";
		};
		93EBA3CD281B20EB00EDCF46 /* CustomViews */ = {
			isa = PBXGroup;
			children = (
				93EBA3CE281B210400EDCF46 /* BindingTextField.swift */,
			);
			path = CustomViews;
			sourceTree = "<group>";
		};
/* End PBXGroup section */

/* Begin PBXNativeTarget section */
		93EBA396281B19E900EDCF46 /* BindingMVVM */ = {
			isa = PBXNativeTarget;
			buildConfigurationList = 93EBA3C1281B19EA00EDCF46 /* Build configuration list for PBXNativeTarget "BindingMVVM" */;
			buildPhases = (
				93EBA393281B19E900EDCF46 /* Sources */,
				93EBA394281B19E900EDCF46 /* Frameworks */,
				93EBA395281B19E900EDCF46 /* Resources */,
			);
			buildRules = (
			);
			dependencies = (
			);
			name = BindingMVVM;
			productName = BindingMVVM;
			productReference = 93EBA397281B19E900EDCF46 /* BindingMVVM.app */;
			productType = "com.apple.product-type.application";
		};
		93EBA3AC281B19EA00EDCF46 /* BindingMVVMTests */ = {
			isa = PBXNativeTarget;
			buildConfigurationList = 93EBA3C4281B19EA00EDCF46 /* Build configuration list for PBXNativeTarget "BindingMVVMTests" */;
			buildPhases = (
				93EBA3A9281B19EA00EDCF46 /* Sources */,
				93EBA3AA281B19EA00EDCF46 /* Frameworks */,
				93EBA3AB281B19EA00EDCF46 /* Resources */,
			);
			buildRules = (
			);
			dependencies = (
				93EBA3AF281B19EA00EDCF46 /* PBXTargetDependency */,
			);
			name = BindingMVVMTests;
			productName = BindingMVVMTests;
			productReference = 93EBA3AD281B19EA00EDCF46 /* BindingMVVMTests.xctest */;
			productType = "com.apple.product-type.bundle.unit-test";
		};
		93EBA3B6281B19EA00EDCF46 /* BindingMVVMUITests */ = {
			isa = PBXNativeTarget;
			buildConfigurationList = 93EBA3C7281B19EA00EDCF46 /* Build configuration list for PBXNativeTarget "BindingMVVMUITests" */;
			buildPhases = (
				93EBA3B3281B19EA00EDCF46 /* Sources */,
				93EBA3B4281B19EA00EDCF46 /* Frameworks */,
				93EBA3B5281B19EA00EDCF46 /* Resources */,
			);
			buildRules = (
			);
			dependencies = (
				93EBA3B9281B19EA00EDCF46 /* PBXTargetDependency */,
			);
			name = BindingMVVMUITests;
			productName = BindingMVVMUITests;
			productReference = 93EBA3B7281B19EA00EDCF46 /* BindingMVVMUITests.xctest */;
			productType = "com.apple.product-type.bundle.ui-testing";
		};
/* End PBXNativeTarget section */

/* Begin PBXProject section */
		93EBA38F281B19E900EDCF46 /* Project object */ = {
			isa = PBXProject;
			attributes = {
				BuildIndependentTargetsInParallel = 1;
				LastSwiftUpdateCheck = 1330;
				LastUpgradeCheck = 1330;
				TargetAttributes = {
					93EBA396281B19E900EDCF46 = {
						CreatedOnToolsVersion = 13.3.1;
					};
					93EBA3AC281B19EA00EDCF46 = {
						CreatedOnToolsVersion = 13.3.1;
						TestTargetID = 93EBA396281B19E900EDCF46;
					};
					93EBA3B6281B19EA00EDCF46 = {
						CreatedOnToolsVersion = 13.3.1;
						TestTargetID = 93EBA396281B19E900EDCF46;
					};
				};
			};
			buildConfigurationList = 93EBA392281B19E900EDCF46 /* Build configuration list for PBXProject "BindingMVVM" */;
			compatibilityVersion = "Xcode 13.0";
			developmentRegion = en;
			hasScannedForEncodings = 0;
			knownRegions = (
				en,
				Base,
			);
			mainGroup = 93EBA38E281B19E900EDCF46;
			productRefGroup = 93EBA398281B19E900EDCF46 /* Products */;
			projectDirPath = "";
			projectRoot = "";
			targets = (
				93EBA396281B19E900EDCF46 /* BindingMVVM */,
				93EBA3AC281B19EA00EDCF46 /* BindingMVVMTests */,
				93EBA3B6281B19EA00EDCF46 /* BindingMVVMUITests */,
			);
		};
/* End PBXProject section */

/* Begin PBXResourcesBuildPhase section */
		93EBA395281B19E900EDCF46 /* Resources */ = {
			isa = PBXResourcesBuildPhase;
			buildActionMask = 2147483647;
			files = (
				93EBA3A7281B19EA00EDCF46 /* LaunchScreen.storyboard in Resources */,
				93EBA3A4281B19EA00EDCF46 /* Assets.xcassets in Resources */,
				93EBA3A2281B19E900EDCF46 /* Main.storyboard in Resources */,
			);
			runOnlyForDeploymentPostprocessing = 0;
		};
		93EBA3AB281B19EA00EDCF46 /* Resources */ = {
			isa = PBXResourcesBuildPhase;
			buildActionMask = 2147483647;
			files = (
			);
			runOnlyForDeploymentPostprocessing = 0;
		};
		93EBA3B5281B19EA00EDCF46 /* Resources */ = {
			isa = PBXResourcesBuildPhase;
			buildActionMask = 2147483647;
			files = (
			);
			runOnlyForDeploymentPostprocessing = 0;
		};
/* End PBXResourcesBuildPhase section */

/* Begin PBXSourcesBuildPhase section */
		93EBA393281B19E900EDCF46 /* Sources */ = {
			isa = PBXSourcesBuildPhase;
			buildActionMask = 2147483647;
			files = (
				93EBA3CC281B1FEB00EDCF46 /* LoginViewModel.swift in Sources */,
				93EBA39F281B19E900EDCF46 /* ViewController.swift in Sources */,
				93EBA3CF281B210400EDCF46 /* BindingTextField.swift in Sources */,
				93EBA39B281B19E900EDCF46 /* AppDelegate.swift in Sources */,
				93EBA39D281B19E900EDCF46 /* SceneDelegate.swift in Sources */,
			);
			runOnlyForDeploymentPostprocessing = 0;
		};
		93EBA3A9281B19EA00EDCF46 /* Sources */ = {
			isa = PBXSourcesBuildPhase;
			buildActionMask = 2147483647;
			files = (
				93EBA3B2281B19EA00EDCF46 /* BindingMVVMTests.swift in Sources */,
			);
			runOnlyForDeploymentPostprocessing = 0;
		};
		93EBA3B3281B19EA00EDCF46 /* Sources */ = {
			isa = PBXSourcesBuildPhase;
			buildActionMask = 2147483647;
			files = (
				93EBA3BE281B19EA00EDCF46 /* BindingMVVMUITestsLaunchTests.swift in Sources */,
				93EBA3BC281B19EA00EDCF46 /* BindingMVVMUITests.swift in Sources */,
			);
			runOnlyForDeploymentPostprocessing = 0;
		};
/* End PBXSourcesBuildPhase section */

/* Begin PBXTargetDependency section */
		93EBA3AF281B19EA00EDCF46 /* PBXTargetDependency */ = {
			isa = PBXTargetDependency;
			target = 93EBA396281B19E900EDCF46 /* BindingMVVM */;
			targetProxy = 93EBA3AE281B19EA00EDCF46 /* PBXContainerItemProxy */;
		};
		93EBA3B9281B19EA00EDCF46 /* PBXTargetDependency */ = {
			isa = PBXTargetDependency;
			target = 93EBA396281B19E900EDCF46 /* BindingMVVM */;
			targetProxy = 93EBA3B8281B19EA00EDCF46 /* PBXContainerItemProxy */;
		};
/* End PBXTargetDependency section */

/* Begin PBXVariantGroup section */
		93EBA3A0281B19E900EDCF46 /* Main.storyboard */ = {
			isa = PBXVariantGroup;
			children = (
				93EBA3A1281B19E900EDCF46 /* Base */,
			);
			name = Main.storyboard;
			sourceTree = "<group>";
		};
		93EBA3A5281B19EA00EDCF46 /* LaunchScreen.storyboard */ = {
			isa = PBXVariantGroup;
			children = (
				93EBA3A6281B19EA00EDCF46 /* Base */,
			);
			name = LaunchScreen.storyboard;
			sourceTree = "<group>";
		};
/* End PBXVariantGroup section */

/* Begin XCBuildConfiguration section */
		93EBA3BF281B19EA00EDCF46 /* Debug */ = {
			isa = XCBuildConfiguration;
			buildSettings = {
				ALWAYS_SEARCH_USER_PATHS = NO;
				CLANG_ANALYZER_NONNULL = YES;
				CLANG_ANALYZER_NUMBER_OBJECT_CONVERSION = YES_AGGRESSIVE;
				CLANG_CXX_LANGUAGE_STANDARD = "gnu++17";
				CLANG_ENABLE_MODULES = YES;
				CLANG_ENABLE_OBJC_ARC = YES;
				CLANG_ENABLE_OBJC_WEAK = YES;
				CLANG_WARN_BLOCK_CAPTURE_AUTORELEASING = YES;
				CLANG_WARN_BOOL_CONVERSION = YES;
				CLANG_WARN_COMMA = YES;
				CLANG_WARN_CONSTANT_CONVERSION = YES;
				CLANG_WARN_DEPRECATED_OBJC_IMPLEMENTATIONS = YES;
				CLANG_WARN_DIRECT_OBJC_ISA_USAGE = YES_ERROR;
				CLANG_WARN_DOCUMENTATION_COMMENTS = YES;
				CLANG_WARN_EMPTY_BODY = YES;
				CLANG_WARN_ENUM_CONVERSION = YES;
				CLANG_WARN_INFINITE_RECURSION = YES;
				CLANG_WARN_INT_CONVERSION = YES;
				CLANG_WARN_NON_LITERAL_NULL_CONVERSION = YES;
				CLANG_WARN_OBJC_IMPLICIT_RETAIN_SELF = YES;
				CLANG_WARN_OBJC_LITERAL_CONVERSION = YES;
				CLANG_WARN_OBJC_ROOT_CLASS = YES_ERROR;
				CLANG_WARN_QUOTED_INCLUDE_IN_FRAMEWORK_HEADER = YES;
				CLANG_WARN_RANGE_LOOP_ANALYSIS = YES;
				CLANG_WARN_STRICT_PROTOTYPES = YES;
				CLANG_WARN_SUSPICIOUS_MOVE = YES;
				CLANG_WARN_UNGUARDED_AVAILABILITY = YES_AGGRESSIVE;
				CLANG_WARN_UNREACHABLE_CODE = YES;
				CLANG_WARN__DUPLICATE_METHOD_MATCH = YES;
				COPY_PHASE_STRIP = NO;
				DEBUG_INFORMATION_FORMAT = dwarf;
				ENABLE_STRICT_OBJC_MSGSEND = YES;
				ENABLE_TESTABILITY = YES;
				GCC_C_LANGUAGE_STANDARD = gnu11;
				GCC_DYNAMIC_NO_PIC = NO;
				GCC_NO_COMMON_BLOCKS = YES;
				GCC_OPTIMIZATION_LEVEL = 0;
				GCC_PREPROCESSOR_DEFINITIONS = (
					"DEBUG=1",
					"$(inherited)",
				);
				GCC_WARN_64_TO_32_BIT_CONVERSION = YES;
				GCC_WARN_ABOUT_RETURN_TYPE = YES_ERROR;
				GCC_WARN_UNDECLARED_SELECTOR = YES;
				GCC_WARN_UNINITIALIZED_AUTOS = YES_AGGRESSIVE;
				GCC_WARN_UNUSED_FUNCTION = YES;
				GCC_WARN_UNUSED_VARIABLE = YES;
				IPHONEOS_DEPLOYMENT_TARGET = 15.4;
				MTL_ENABLE_DEBUG_INFO = INCLUDE_SOURCE;
				MTL_FAST_MATH = YES;
				ONLY_ACTIVE_ARCH = YES;
				SDKROOT = iphoneos;
				SWIFT_ACTIVE_COMPILATION_CONDITIONS = DEBUG;
				SWIFT_OPTIMIZATION_LEVEL = "-Onone";
			};
			name = Debug;
		};
		93EBA3C0281B19EA00EDCF46 /* Release */ = {
			isa = XCBuildConfiguration;
			buildSettings = {
				ALWAYS_SEARCH_USER_PATHS = NO;
				CLANG_ANALYZER_NONNULL = YES;
				CLANG_ANALYZER_NUMBER_OBJECT_CONVERSION = YES_AGGRESSIVE;
				CLANG_CXX_LANGUAGE_STANDARD = "gnu++17";
				CLANG_ENABLE_MODULES = YES;
				CLANG_ENABLE_OBJC_ARC = YES;
				CLANG_ENABLE_OBJC_WEAK = YES;
				CLANG_WARN_BLOCK_CAPTURE_AUTORELEASING = YES;
				CLANG_WARN_BOOL_CONVERSION = YES;
				CLANG_WARN_COMMA = YES;
				CLANG_WARN_CONSTANT_CONVERSION = YES;
				CLANG_WARN_DEPRECATED_OBJC_IMPLEMENTATIONS = YES;
				CLANG_WARN_DIRECT_OBJC_ISA_USAGE = YES_ERROR;
				CLANG_WARN_DOCUMENTATION_COMMENTS = YES;
				CLANG_WARN_EMPTY_BODY = YES;
				CLANG_WARN_ENUM_CONVERSION = YES;
				CLANG_WARN_INFINITE_RECURSION = YES;
				CLANG_WARN_INT_CONVERSION = YES;
				CLANG_WARN_NON_LITERAL_NULL_CONVERSION = YES;
				CLANG_WARN_OBJC_IMPLICIT_RETAIN_SELF = YES;
				CLANG_WARN_OBJC_LITERAL_CONVERSION = YES;
				CLANG_WARN_OBJC_ROOT_CLASS = YES_ERROR;
				CLANG_WARN_QUOTED_INCLUDE_IN_FRAMEWORK_HEADER = YES;
				CLANG_WARN_RANGE_LOOP_ANALYSIS = YES;
				CLANG_WARN_STRICT_PROTOTYPES = YES;
				CLANG_WARN_SUSPICIOUS_MOVE = YES;
				CLANG_WARN_UNGUARDED_AVAILABILITY = YES_AGGRESSIVE;
				CLANG_WARN_UNREACHABLE_CODE = YES;
				CLANG_WARN__DUPLICATE_METHOD_MATCH = YES;
				COPY_PHASE_STRIP = NO;
				DEBUG_INFORMATION_FORMAT = "dwarf-with-dsym";
				ENABLE_NS_ASSERTIONS = NO;
				ENABLE_STRICT_OBJC_MSGSEND = YES;
				GCC_C_LANGUAGE_STANDARD = gnu11;
				GCC_NO_COMMON_BLOCKS = YES;
				GCC_WARN_64_TO_32_BIT_CONVERSION = YES;
				GCC_WARN_ABOUT_RETURN_TYPE = YES_ERROR;
				GCC_WARN_UNDECLARED_SELECTOR = YES;
				GCC_WARN_UNINITIALIZED_AUTOS = YES_AGGRESSIVE;
				GCC_WARN_UNUSED_FUNCTION = YES;
				GCC_WARN_UNUSED_VARIABLE = YES;
				IPHONEOS_DEPLOYMENT_TARGET = 15.4;
				MTL_ENABLE_DEBUG_INFO = NO;
				MTL_FAST_MATH = YES;
				SDKROOT = iphoneos;
				SWIFT_COMPILATION_MODE = wholemodule;
				SWIFT_OPTIMIZATION_LEVEL = "-O";
				VALIDATE_PRODUCT = YES;
			};
			name = Release;
		};
		93EBA3C2281B19EA00EDCF46 /* Debug */ = {
			isa = XCBuildConfiguration;
			buildSettings = {
				ASSETCATALOG_COMPILER_APPICON_NAME = AppIcon;
				ASSETCATALOG_COMPILER_GLOBAL_ACCENT_COLOR_NAME = AccentColor;
				CODE_SIGN_STYLE = Automatic;
				CURRENT_PROJECT_VERSION = 1;
				DEVELOPMENT_TEAM = P65LS7STQH;
				GENERATE_INFOPLIST_FILE = YES;
				INFOPLIST_FILE = BindingMVVM/Info.plist;
				INFOPLIST_KEY_UIApplicationSupportsIndirectInputEvents = YES;
				INFOPLIST_KEY_UILaunchStoryboardName = LaunchScreen;
				INFOPLIST_KEY_UIMainStoryboardFile = Main;
				INFOPLIST_KEY_UISupportedInterfaceOrientations_iPad = "UIInterfaceOrientationPortrait UIInterfaceOrientationPortraitUpsideDown UIInterfaceOrientationLandscapeLeft UIInterfaceOrientationLandscapeRight";
				INFOPLIST_KEY_UISupportedInterfaceOrientations_iPhone = "UIInterfaceOrientationPortrait UIInterfaceOrientationLandscapeLeft UIInterfaceOrientationLandscapeRight";
				LD_RUNPATH_SEARCH_PATHS = (
					"$(inherited)",
					"@executable_path/Frameworks",
				);
				MARKETING_VERSION = 1.0;
				PRODUCT_BUNDLE_IDENTIFIER = br.com.srsj.BindingMVVM;
				PRODUCT_NAME = "$(TARGET_NAME)";
				SWIFT_EMIT_LOC_STRINGS = YES;
				SWIFT_VERSION = 5.0;
				TARGETED_DEVICE_FAMILY = "1,2";
			};
			name = Debug;
		};
		93EBA3C3281B19EA00EDCF46 /* Release */ = {
			isa = XCBuildConfiguration;
			buildSettings = {
				ASSETCATALOG_COMPILER_APPICON_NAME = AppIcon;
				ASSETCATALOG_COMPILER_GLOBAL_ACCENT_COLOR_NAME = AccentColor;
				CODE_SIGN_STYLE = Automatic;
				CURRENT_PROJECT_VERSION = 1;
				DEVELOPMENT_TEAM = P65LS7STQH;
				GENERATE_INFOPLIST_FILE = YES;
				INFOPLIST_FILE = BindingMVVM/Info.plist;
				INFOPLIST_KEY_UIApplicationSupportsIndirectInputEvents = YES;
				INFOPLIST_KEY_UILaunchStoryboardName = LaunchScreen;
				INFOPLIST_KEY_UIMainStoryboardFile = Main;
				INFOPLIST_KEY_UISupportedInterfaceOrientations_iPad = "UIInterfaceOrientationPortrait UIInterfaceOrientationPortraitUpsideDown UIInterfaceOrientationLandscapeLeft UIInterfaceOrientationLandscapeRight";
				INFOPLIST_KEY_UISupportedInterfaceOrientations_iPhone = "UIInterfaceOrientationPortrait UIInterfaceOrientationLandscapeLeft UIInterfaceOrientationLandscapeRight";
				LD_RUNPATH_SEARCH_PATHS = (
					"$(inherited)",
					"@executable_path/Frameworks",
				);
				MARKETING_VERSION = 1.0;
				PRODUCT_BUNDLE_IDENTIFIER = br.com.srsj.BindingMVVM;
				PRODUCT_NAME = "$(TARGET_NAME)";
				SWIFT_EMIT_LOC_STRINGS = YES;
				SWIFT_VERSION = 5.0;
				TARGETED_DEVICE_FAMILY = "1,2";
			};
			name = Release;
		};
		93EBA3C5281B19EA00EDCF46 /* Debug */ = {
			isa = XCBuildConfiguration;
			buildSettings = {
				ALWAYS_EMBED_SWIFT_STANDARD_LIBRARIES = YES;
				BUNDLE_LOADER = "$(TEST_HOST)";
				CODE_SIGN_STYLE = Automatic;
				CURRENT_PROJECT_VERSION = 1;
				DEVELOPMENT_TEAM = P65LS7STQH;
				GENERATE_INFOPLIST_FILE = YES;
				IPHONEOS_DEPLOYMENT_TARGET = 15.4;
				MARKETING_VERSION = 1.0;
				PRODUCT_BUNDLE_IDENTIFIER = br.com.srsj.BindingMVVMTests;
				PRODUCT_NAME = "$(TARGET_NAME)";
				SWIFT_EMIT_LOC_STRINGS = NO;
				SWIFT_VERSION = 5.0;
				TARGETED_DEVICE_FAMILY = "1,2";
				TEST_HOST = "$(BUILT_PRODUCTS_DIR)/BindingMVVM.app/BindingMVVM";
			};
			name = Debug;
		};
		93EBA3C6281B19EA00EDCF46 /* Release */ = {
			isa = XCBuildConfiguration;
			buildSettings = {
				ALWAYS_EMBED_SWIFT_STANDARD_LIBRARIES = YES;
				BUNDLE_LOADER = "$(TEST_HOST)";
				CODE_SIGN_STYLE = Automatic;
				CURRENT_PROJECT_VERSION = 1;
				DEVELOPMENT_TEAM = P65LS7STQH;
				GENERATE_INFOPLIST_FILE = YES;
				IPHONEOS_DEPLOYMENT_TARGET = 15.4;
				MARKETING_VERSION = 1.0;
				PRODUCT_BUNDLE_IDENTIFIER = br.com.srsj.BindingMVVMTests;
				PRODUCT_NAME = "$(TARGET_NAME)";
				SWIFT_EMIT_LOC_STRINGS = NO;
				SWIFT_VERSION = 5.0;
				TARGETED_DEVICE_FAMILY = "1,2";
				TEST_HOST = "$(BUILT_PRODUCTS_DIR)/BindingMVVM.app/BindingMVVM";
			};
			name = Release;
		};
		93EBA3C8281B19EA00EDCF46 /* Debug */ = {
			isa = XCBuildConfiguration;
			buildSettings = {
				ALWAYS_EMBED_SWIFT_STANDARD_LIBRARIES = YES;
				CODE_SIGN_STYLE = Automatic;
				CURRENT_PROJECT_VERSION = 1;
				DEVELOPMENT_TEAM = P65LS7STQH;
				GENERATE_INFOPLIST_FILE = YES;
				MARKETING_VERSION = 1.0;
				PRODUCT_BUNDLE_IDENTIFIER = br.com.srsj.BindingMVVMUITests;
				PRODUCT_NAME = "$(TARGET_NAME)";
				SWIFT_EMIT_LOC_STRINGS = NO;
				SWIFT_VERSION = 5.0;
				TARGETED_DEVICE_FAMILY = "1,2";
				TEST_TARGET_NAME = BindingMVVM;
			};
			name = Debug;
		};
		93EBA3C9281B19EA00EDCF46 /* Release */ = {
			isa = XCBuildConfiguration;
			buildSettings = {
				ALWAYS_EMBED_SWIFT_STANDARD_LIBRARIES = YES;
				CODE_SIGN_STYLE = Automatic;
				CURRENT_PROJECT_VERSION = 1;
				DEVELOPMENT_TEAM = P65LS7STQH;
				GENERATE_INFOPLIST_FILE = YES;
				MARKETING_VERSION = 1.0;
				PRODUCT_BUNDLE_IDENTIFIER = br.com.srsj.BindingMVVMUITests;
				PRODUCT_NAME = "$(TARGET_NAME)";
				SWIFT_EMIT_LOC_STRINGS = NO;
				SWIFT_VERSION = 5.0;
				TARGETED_DEVICE_FAMILY = "1,2";
				TEST_TARGET_NAME = BindingMVVM;
			};
			name = Release;
		};
/* End XCBuildConfiguration section */

/* Begin XCConfigurationList section */
		93EBA392281B19E900EDCF46 /* Build configuration list for PBXProject "BindingMVVM" */ = {
			isa = XCConfigurationList;
			buildConfigurations = (
				93EBA3BF281B19EA00EDCF46 /* Debug */,
				93EBA3C0281B19EA00EDCF46 /* Release */,
			);
			defaultConfigurationIsVisible = 0;
			defaultConfigurationName = Release;
		};
		93EBA3C1281B19EA00EDCF46 /* Build configuration list for PBXNativeTarget "BindingMVVM" */ = {
			isa = XCConfigurationList;
			buildConfigurations = (
				93EBA3C2281B19EA00EDCF46 /* Debug */,
				93EBA3C3281B19EA00EDCF46 /* Release */,
			);
			defaultConfigurationIsVisible = 0;
			defaultConfigurationName = Release;
		};
		93EBA3C4281B19EA00EDCF46 /* Build configuration list for PBXNativeTarget "BindingMVVMTests" */ = {
			isa = XCConfigurationList;
			buildConfigurations = (
				93EBA3C5281B19EA00EDCF46 /* Debug */,
				93EBA3C6281B19EA00EDCF46 /* Release */,
			);
			defaultConfigurationIsVisible = 0;
			defaultConfigurationName = Release;
		};
		93EBA3C7281B19EA00EDCF46 /* Build configuration list for PBXNativeTarget "BindingMVVMUITests" */ = {
			isa = XCConfigurationList;
			buildConfigurations = (
				93EBA3C8281B19EA00EDCF46 /* Debug */,
				93EBA3C9281B19EA00EDCF46 /* Release */,
			);
			defaultConfigurationIsVisible = 0;
			defaultConfigurationName = Release;
		};
/* End XCConfigurationList section */
	};
	rootObject = 93EBA38F281B19E900EDCF46 /* Project object */;
}
